
Microsoft Visual Studio Solution File, Format Version 12.00
# Visual Studio Version 16
VisualStudioVersion = 16.0.30114.105
MinimumVisualStudioVersion = 10.0.40219.1
Project("{9A19103F-16F7-4668-BE54-9A1E7A4F7556}") = "SimpleRulesEngine", "SimpleRulesEngine\SimpleRulesEngine.csproj", "{90B459F3-10C5-47B9-B669-9ECBC87522D8}"
EndProject
Project("{FAE04EC0-301F-11D3-BF4B-00C04F79EFBC}") = "SimpleRulesEngine.Tests", "SimpleRulesEngine.Tests\SimpleRulesEngine.Tests.csproj", "{3B69C9C6-10BD-4CEC-B62C-941B5BE49CCF}"
EndProject
Global
	GlobalSection(SolutionConfigurationPlatforms) = preSolution
		Debug|Any CPU = Debug|Any CPU
		Release|Any CPU = Release|Any CPU
	EndGlobalSection
	GlobalSection(ProjectConfigurationPlatforms) = postSolution
		{90B459F3-10C5-47B9-B669-9ECBC87522D8}.Debug|Any CPU.ActiveCfg = Debug|Any CPU
		{90B459F3-10C5-47B9-B669-9ECBC87522D8}.Debug|Any CPU.Build.0 = Debug|Any CPU
		{90B459F3-10C5-47B9-B669-9ECBC87522D8}.Release|Any CPU.ActiveCfg = Release|Any CPU
		{90B459F3-10C5-47B9-B669-9ECBC87522D8}.Release|Any CPU.Build.0 = Release|Any CPU
		{3B69C9C6-10BD-4CEC-B62C-941B5BE49CCF}.Debug|Any CPU.ActiveCfg = Debug|Any CPU
		{3B69C9C6-10BD-4CEC-B62C-941B5BE49CCF}.Debug|Any CPU.Build.0 = Debug|Any CPU
		{3B69C9C6-10BD-4CEC-B62C-941B5BE49CCF}.Release|Any CPU.ActiveCfg = Release|Any CPU
		{3B69C9C6-10BD-4CEC-B62C-941B5BE49CCF}.Release|Any CPU.Build.0 = Release|Any CPU
	EndGlobalSection
	GlobalSection(SolutionProperties) = preSolution
		HideSolutionNode = FALSE
	EndGlobalSection
	GlobalSection(ExtensibilityGlobals) = postSolution
		SolutionGuid = {E1106299-D733-4D74-97FA-99D8EBFDEFAC}
	EndGlobalSection
EndGlobal
